{
  "nodes": {
    "darwin": {
      "inputs": {
        "nixpkgs": [
          "nixpkgs"
        ]
      },
      "locked": {
        "lastModified": 1671196037,
        "narHash": "sha256-2+J98SeczFWonbqFLMEAQC7vZEe6I2gM17XYvEmG52I=",
        "owner": "lnl7",
        "repo": "nix-darwin",
        "rev": "adb8ac0453c8b2c40f5bffb578453dbaee838952",
        "type": "github"
      },
      "original": {
        "owner": "lnl7",
        "repo": "nix-darwin",
        "type": "github"
      }
    },
    "flake-utils": {
      "locked": {
        "lastModified": 1659877975,
        "narHash": "sha256-zllb8aq3YO3h8B/U0/J1WBgAL8EX5yWf5pMj3G0NAmc=",
        "owner": "numtide",
        "repo": "flake-utils",
        "rev": "c0e246b9b83f637f4681389ecabcb2681b4f3af0",
        "type": "github"
      },
      "original": {
        "owner": "numtide",
        "repo": "flake-utils",
        "type": "github"
      }
    },
    "flake-utils_2": {
      "locked": {
        "lastModified": 1659877975,
        "narHash": "sha256-zllb8aq3YO3h8B/U0/J1WBgAL8EX5yWf5pMj3G0NAmc=",
        "owner": "numtide",
        "repo": "flake-utils",
        "rev": "c0e246b9b83f637f4681389ecabcb2681b4f3af0",
        "type": "github"
      },
      "original": {
        "owner": "numtide",
        "repo": "flake-utils",
        "type": "github"
      }
    },
    "flake-utils_3": {
      "locked": {
        "lastModified": 1667395993,
        "narHash": "sha256-nuEHfE/LcWyuSWnS8t12N1wc105Qtau+/OdUAjtQ0rA=",
        "owner": "numtide",
        "repo": "flake-utils",
        "rev": "5aed5285a952e0b949eb3ba02c12fa4fcfef535f",
        "type": "github"
      },
      "original": {
        "owner": "numtide",
        "repo": "flake-utils",
        "type": "github"
      }
    },
    "flake-utils_4": {
      "locked": {
        "lastModified": 1659877975,
        "narHash": "sha256-zllb8aq3YO3h8B/U0/J1WBgAL8EX5yWf5pMj3G0NAmc=",
        "owner": "numtide",
        "repo": "flake-utils",
        "rev": "c0e246b9b83f637f4681389ecabcb2681b4f3af0",
        "type": "github"
      },
      "original": {
        "owner": "numtide",
        "repo": "flake-utils",
        "type": "github"
      }
    },
    "home-manager": {
      "inputs": {
        "nixpkgs": [
          "nixpkgs"
        ]
      },
      "locked": {
        "lastModified": 1667907331,
        "narHash": "sha256-bHkAwkYlBjkupPUFcQjimNS8gxWSWjOTevEuwdnp5m0=",
        "owner": "nix-community",
        "repo": "home-manager",
        "rev": "6639e3a837fc5deb6f99554072789724997bc8e5",
        "type": "github"
      },
      "original": {
        "owner": "nix-community",
        "ref": "release-22.05",
        "repo": "home-manager",
        "type": "github"
      }
    },
    "home-manager_2": {
      "inputs": {
        "nixpkgs": [
          "plasma-manager",
          "nixpkgs"
        ]
      },
      "locked": {
        "lastModified": 1654113405,
        "narHash": "sha256-VpK+0QaWG2JRgB00lw77N9TjkE3ec0iMYIX1TzGpxa4=",
        "owner": "nix-community",
        "repo": "home-manager",
        "rev": "ac2287df5a2d6f0a44bbcbd11701dbbf6ec43675",
        "type": "github"
      },
      "original": {
        "owner": "nix-community",
        "ref": "release-22.05",
        "repo": "home-manager",
        "type": "github"
      }
    },
    "mastodon-archive": {
      "inputs": {
        "flake-utils": "flake-utils",
        "nixpkgs": [
          "nixpkgs"
        ],
        "poetry2nix": "poetry2nix"
      },
      "locked": {
        "lastModified": 1666487477,
        "narHash": "sha256-bB8/1MGlfcNxhgVZzEt1pR0lBuTD+kTCal/Nz7x/iHM=",
        "owner": "vivlim",
        "repo": "mastodon-archive",
        "rev": "915bcfccd9972ef0bdd8a8aa31d4b6490de52812",
        "type": "github"
      },
      "original": {
        "owner": "vivlim",
        "repo": "mastodon-archive",
        "type": "github"
      }
    },
    "nil": {
      "inputs": {
        "flake-utils": "flake-utils_3",
        "nixpkgs": "nixpkgs_2",
        "rust-overlay": "rust-overlay"
      },
      "locked": {
        "lastModified": 1670595719,
        "narHash": "sha256-9jvA0QdcZtGWImiRZ8KRhXNsy5NxgZBm0TXtNLmFbyM=",
        "owner": "oxalica",
        "repo": "nil",
        "rev": "1c122ae707c6365ea731565daf307844df03e95e",
        "type": "github"
      },
      "original": {
        "owner": "oxalica",
        "repo": "nil",
        "type": "github"
      }
    },
    "nixGL": {
      "inputs": {
        "flake-utils": "flake-utils_4",
        "nixpkgs": [
          "nixpkgs"
        ]
      },
      "locked": {
        "lastModified": 1661367362,
        "narHash": "sha256-Qc8MXcV+YCPREu8kk6oggk23ZBKLqeQRAIsLbHEviPE=",
        "owner": "guibou",
        "repo": "nixGL",
        "rev": "7165ffbccbd2cf4379b6cd6d2edd1620a427e5ae",
        "type": "github"
      },
      "original": {
        "owner": "guibou",
        "repo": "nixGL",
        "type": "github"
      }
    },
    "nixpkgs": {
      "locked": {
        "lastModified": 1663926790,
        "narHash": "sha256-94I7+O66v5WbyYOP+qI9HmfeffoYvLqo93oJE4/20Is=",
        "owner": "NixOS",
        "repo": "nixpkgs",
        "rev": "866431777b6c766cea0db7aad347824d3816be68",
        "type": "github"
      },
      "original": {
        "owner": "NixOS",
        "repo": "nixpkgs",
        "type": "github"
      }
    },
    "nixpkgs-stable": {
      "locked": {
        "lastModified": 1671459584,
        "narHash": "sha256-6wRK7xmeHfClJ0ICOkax1avLZVGTDqBodQlkl/opccY=",
        "owner": "NixOS",
        "repo": "nixpkgs",
        "rev": "87b58217c9a05edcf7630b9be32570f889217aef",
        "type": "github"
      },
      "original": {
        "owner": "NixOS",
        "ref": "release-22.11",
        "repo": "nixpkgs",
        "type": "github"
      }
    },
    "nixpkgs-vivlim": {
      "locked": {
        "lastModified": 1669262068,
        "narHash": "sha256-Ovw6Kn+tS1+2PlTTFxrF795inLjXxZ59pTJjZc6wnns=",
        "owner": "vivlim",
        "repo": "nixpkgs",
        "rev": "4e231f235b096a206d76d9d701a632b9f3da39bb",
        "type": "github"
      },
      "original": {
        "owner": "vivlim",
        "ref": "mastodon-fixes-on-unstable",
        "repo": "nixpkgs",
        "type": "github"
      }
    },
    "nixpkgs_2": {
      "locked": {
        "lastModified": 1670559856,
        "narHash": "sha256-xUkgQRFqE6HIFQXs9SIXMZiXcLaH2415UR6w/FnsgcY=",
        "owner": "nixos",
        "repo": "nixpkgs",
        "rev": "6bc6f77cb171a74001033d94f17f49043a9f1804",
        "type": "github"
      },
      "original": {
        "owner": "nixos",
        "ref": "nixpkgs-unstable",
        "repo": "nixpkgs",
        "type": "github"
      }
    },
    "nixpkgs_3": {
      "locked": {
        "lastModified": 1671447788,
        "narHash": "sha256-Nitle27Q2gXkuk66VZUT+iyisT4pGQwQwU9eyExOVEk=",
        "owner": "NixOS",
        "repo": "nixpkgs",
        "rev": "bfb04388d42ff49e5e81da9f0bfcb48a6367273d",
        "type": "github"
      },
      "original": {
        "owner": "NixOS",
        "ref": "release-22.05",
        "repo": "nixpkgs",
        "type": "github"
      }
    },
    "nixpkgs_4": {
      "locked": {
        "lastModified": 1671417167,
        "narHash": "sha256-JkHam6WQOwZN1t2C2sbp1TqMv3TVRjzrdoejqfefwrM=",
        "owner": "NixOS",
        "repo": "nixpkgs",
        "rev": "bb31220cca6d044baa6dc2715b07497a2a7c4bc7",
        "type": "github"
      },
      "original": {
        "owner": "NixOS",
        "ref": "nixpkgs-unstable",
        "repo": "nixpkgs",
        "type": "github"
      }
    },
    "plasma-manager": {
      "inputs": {
        "home-manager": "home-manager_2",
        "nixpkgs": [
          "nixpkgs"
        ]
      },
      "locked": {
        "lastModified": 1664383871,
        "narHash": "sha256-dOnnzfqd/PCf1K3USKq2PqSGKmIqkr/SD7zHb1yoAyw=",
        "owner": "pjones",
        "repo": "plasma-manager",
        "rev": "16c437e43a0e049b15c9bfd37295f6e978ea9955",
        "type": "github"
      },
      "original": {
        "owner": "pjones",
        "repo": "plasma-manager",
        "type": "github"
      }
    },
    "poetry2nix": {
      "inputs": {
        "flake-utils": "flake-utils_2",
        "nixpkgs": "nixpkgs"
      },
      "locked": {
        "lastModified": 1663843282,
        "narHash": "sha256-nZkBpbcShSfCZdsA4qlD0cx8p5gJjq6Z+P1q9iVZ0I4=",
        "owner": "nix-community",
        "repo": "poetry2nix",
        "rev": "869580c729e658ffe74d8d1d0c3cb132d33a6126",
        "type": "github"
      },
      "original": {
        "owner": "nix-community",
        "repo": "poetry2nix",
        "type": "github"
      }
    },
    "root": {
      "inputs": {
        "darwin": "darwin",
        "home-manager": "home-manager",
        "mastodon-archive": "mastodon-archive",
        "nil": "nil",
        "nixGL": "nixGL",
        "nixpkgs": "nixpkgs_3",
        "nixpkgs-vivlim": "nixpkgs-vivlim",
        "plasma-manager": "plasma-manager",
        "sops-nix": "sops-nix",
        "unstable": "unstable"
      }
    },
    "rust-overlay": {
      "inputs": {
        "flake-utils": [
          "nil",
          "flake-utils"
        ],
        "nixpkgs": [
          "nil",
          "nixpkgs"
        ]
      },
      "locked": {
        "lastModified": 1670552927,
        "narHash": "sha256-lCE51eAGrAFS4k9W5aDGFpVtOAwQQ/rFMN80PCDh0vo=",
        "owner": "oxalica",
        "repo": "rust-overlay",
        "rev": "a0fdafd18c9cf599fde17fbaf07dbb20fa57eecb",
        "type": "github"
      },
      "original": {
        "owner": "oxalica",
        "repo": "rust-overlay",
        "type": "github"
      }
    },
    "sops-nix": {
      "inputs": {
        "nixpkgs": "nixpkgs_4",
        "nixpkgs-stable": "nixpkgs-stable"
      },
      "locked": {
        "lastModified": 1671472949,
        "narHash": "sha256-9iHSGpljCX+RypahQssBXPwkru9onfKfceCTeVrMpH4=",
        "owner": "Mic92",
        "repo": "sops-nix",
        "rev": "32840f16ffa0856cdf9503a8658f2dd42bf70342",
        "type": "github"
      },
      "original": {
        "owner": "Mic92",
        "repo": "sops-nix",
        "type": "github"
      }
    },
    "unstable": {
      "locked": {
        "lastModified": 1671417167,
        "narHash": "sha256-JkHam6WQOwZN1t2C2sbp1TqMv3TVRjzrdoejqfefwrM=",
        "owner": "NixOS",
        "repo": "nixpkgs",
        "rev": "bb31220cca6d044baa6dc2715b07497a2a7c4bc7",
        "type": "github"
      },
      "original": {
        "owner": "NixOS",
        "ref": "nixpkgs-unstable",
        "repo": "nixpkgs",
        "type": "github"
      }
    }
  },
  "root": "root",
  "version": 7
}
